
Microsoft Visual Studio Solution File, Format Version 12.00
# Visual Studio Version 17
VisualStudioVersion = 17.14.36429.23 d17.14
MinimumVisualStudioVersion = 10.0.40219.1
Project("{54A90642-561A-4BB1-A94E-469ADEE60C69}") = "reactproject1", "reactproject1\reactproject1.esproj", "{CEC6E8C3-C1F6-C646-E98F-4C172527373D}"
EndProject
Global
	GlobalSection(SolutionConfigurationPlatforms) = preSolution
		Debug|Any CPU = Debug|Any CPU
		Release|Any CPU = Release|Any CPU
	EndGlobalSection
	GlobalSection(ProjectConfigurationPlatforms) = postSolution
		{CEC6E8C3-C1F6-C646-E98F-4C172527373D}.Debug|Any CPU.ActiveCfg = Debug|Any CPU
		{CEC6E8C3-C1F6-C646-E98F-4C172527373D}.Debug|Any CPU.Build.0 = Debug|Any CPU
		{CEC6E8C3-C1F6-C646-E98F-4C172527373D}.Debug|Any CPU.Deploy.0 = Debug|Any CPU
		{CEC6E8C3-C1F6-C646-E98F-4C172527373D}.Release|Any CPU.ActiveCfg = Release|Any CPU
		{CEC6E8C3-C1F6-C646-E98F-4C172527373D}.Release|Any CPU.Build.0 = Release|Any CPU
		{CEC6E8C3-C1F6-C646-E98F-4C172527373D}.Release|Any CPU.Deploy.0 = Release|Any CPU
	EndGlobalSection
	GlobalSection(SolutionProperties) = preSolution
		HideSolutionNode = FALSE
	EndGlobalSection
	GlobalSection(ExtensibilityGlobals) = postSolution
		SolutionGuid = {7E95A275-6DB4-4FAF-B84D-9F197D121941}
	EndGlobalSection
EndGlobal
